
Microsoft Visual Studio Solution File, Format Version 12.00
# Visual Studio Version 17
VisualStudioVersion = 17.3.32825.248
MinimumVisualStudioVersion = 10.0.40219.1
Project("{FAE04EC0-301F-11D3-BF4B-00C04F79EFBC}") = "File_Upload_Patrik_God.Server", "Server\File_Upload_Patrik_God.Server.csproj", "{191D332F-A02C-4603-A9BE-D531AFC5D3A4}"
EndProject
Project("{FAE04EC0-301F-11D3-BF4B-00C04F79EFBC}") = "File_Upload_Patrik_God.Client", "Client\File_Upload_Patrik_God.Client.csproj", "{3C0DFACF-E1D8-412E-9CF8-A010F88E4BB4}"
EndProject
Project("{FAE04EC0-301F-11D3-BF4B-00C04F79EFBC}") = "File_Upload_Patrik_God.Shared", "Shared\File_Upload_Patrik_God.Shared.csproj", "{4E273E8E-75E8-4D60-B114-6D1B2CC62175}"
EndProject
Global
	GlobalSection(SolutionConfigurationPlatforms) = preSolution
		Debug|Any CPU = Debug|Any CPU
		Release|Any CPU = Release|Any CPU
	EndGlobalSection
	GlobalSection(ProjectConfigurationPlatforms) = postSolution
		{191D332F-A02C-4603-A9BE-D531AFC5D3A4}.Debug|Any CPU.ActiveCfg = Debug|Any CPU
		{191D332F-A02C-4603-A9BE-D531AFC5D3A4}.Debug|Any CPU.Build.0 = Debug|Any CPU
		{191D332F-A02C-4603-A9BE-D531AFC5D3A4}.Release|Any CPU.ActiveCfg = Release|Any CPU
		{191D332F-A02C-4603-A9BE-D531AFC5D3A4}.Release|Any CPU.Build.0 = Release|Any CPU
		{3C0DFACF-E1D8-412E-9CF8-A010F88E4BB4}.Debug|Any CPU.ActiveCfg = Debug|Any CPU
		{3C0DFACF-E1D8-412E-9CF8-A010F88E4BB4}.Debug|Any CPU.Build.0 = Debug|Any CPU
		{3C0DFACF-E1D8-412E-9CF8-A010F88E4BB4}.Release|Any CPU.ActiveCfg = Release|Any CPU
		{3C0DFACF-E1D8-412E-9CF8-A010F88E4BB4}.Release|Any CPU.Build.0 = Release|Any CPU
		{4E273E8E-75E8-4D60-B114-6D1B2CC62175}.Debug|Any CPU.ActiveCfg = Debug|Any CPU
		{4E273E8E-75E8-4D60-B114-6D1B2CC62175}.Debug|Any CPU.Build.0 = Debug|Any CPU
		{4E273E8E-75E8-4D60-B114-6D1B2CC62175}.Release|Any CPU.ActiveCfg = Release|Any CPU
		{4E273E8E-75E8-4D60-B114-6D1B2CC62175}.Release|Any CPU.Build.0 = Release|Any CPU
	EndGlobalSection
	GlobalSection(SolutionProperties) = preSolution
		HideSolutionNode = FALSE
	EndGlobalSection
	GlobalSection(ExtensibilityGlobals) = postSolution
		SolutionGuid = {F8DED7BA-BE82-4E08-B4FF-35F7FF619776}
	EndGlobalSection
EndGlobal
